// !$*UTF8*$!
{
	archiveVersion = 1;
	classes = {
	};
	objectVersion = 46;
	objects = {

/* Begin PBXBuildFile section */
		9324A3761740D334002BEC14 /* UIKit.framework in Frameworks */ = {isa = PBXBuildFile; fileRef = 9324A3751740D334002BEC14 /* UIKit.framework */; };
		9324A3781740D334002BEC14 /* Foundation.framework in Frameworks */ = {isa = PBXBuildFile; fileRef = 9324A3771740D334002BEC14 /* Foundation.framework */; };
		9324A37A1740D334002BEC14 /* CoreGraphics.framework in Frameworks */ = {isa = PBXBuildFile; fileRef = 9324A3791740D334002BEC14 /* CoreGraphics.framework */; };
		9324A3801740D334002BEC14 /* InfoPlist.strings in Resources */ = {isa = PBXBuildFile; fileRef = 9324A37E1740D334002BEC14 /* InfoPlist.strings */; };
		9324A3821740D334002BEC14 /* main.m in Sources */ = {isa = PBXBuildFile; fileRef = 9324A3811740D334002BEC14 /* main.m */; };
		9324A3861740D334002BEC14 /* PTAppDelegate.m in Sources */ = {isa = PBXBuildFile; fileRef = 9324A3851740D334002BEC14 /* PTAppDelegate.m */; };
		9324A3881740D334002BEC14 /* Default.png in Resources */ = {isa = PBXBuildFile; fileRef = 9324A3871740D334002BEC14 /* Default.png */; };
		9324A38A1740D334002BEC14 /* Default@2x.png in Resources */ = {isa = PBXBuildFile; fileRef = 9324A3891740D334002BEC14 /* Default@2x.png */; };
		9324A38C1740D334002BEC14 /* Default-568h@2x.png in Resources */ = {isa = PBXBuildFile; fileRef = 9324A38B1740D334002BEC14 /* Default-568h@2x.png */; };
		9324A38F1740D334002BEC14 /* PTFirstViewController.m in Sources */ = {isa = PBXBuildFile; fileRef = 9324A38E1740D334002BEC14 /* PTFirstViewController.m */; };
		9324A3911740D334002BEC14 /* first.png in Resources */ = {isa = PBXBuildFile; fileRef = 9324A3901740D334002BEC14 /* first.png */; };
		9324A3931740D334002BEC14 /* first@2x.png in Resources */ = {isa = PBXBuildFile; fileRef = 9324A3921740D334002BEC14 /* first@2x.png */; };
		9324A3961740D334002BEC14 /* PTSecondViewController.m in Sources */ = {isa = PBXBuildFile; fileRef = 9324A3951740D334002BEC14 /* PTSecondViewController.m */; };
		9324A3981740D334002BEC14 /* second.png in Resources */ = {isa = PBXBuildFile; fileRef = 9324A3971740D334002BEC14 /* second.png */; };
		9324A39A1740D334002BEC14 /* second@2x.png in Resources */ = {isa = PBXBuildFile; fileRef = 9324A3991740D334002BEC14 /* second@2x.png */; };
		9324A39D1740D335002BEC14 /* PTFirstViewController_iPhone.xib in Resources */ = {isa = PBXBuildFile; fileRef = 9324A39B1740D335002BEC14 /* PTFirstViewController_iPhone.xib */; };
		9324A3A01740D335002BEC14 /* PTFirstViewController_iPad.xib in Resources */ = {isa = PBXBuildFile; fileRef = 9324A39E1740D335002BEC14 /* PTFirstViewController_iPad.xib */; };
		9324A3A31740D335002BEC14 /* PTSecondViewController_iPhone.xib in Resources */ = {isa = PBXBuildFile; fileRef = 9324A3A11740D335002BEC14 /* PTSecondViewController_iPhone.xib */; };
		9324A3A61740D335002BEC14 /* PTSecondViewController_iPad.xib in Resources */ = {isa = PBXBuildFile; fileRef = 9324A3A41740D335002BEC14 /* PTSecondViewController_iPad.xib */; };
		9324A3AE1740D335002BEC14 /* SenTestingKit.framework in Frameworks */ = {isa = PBXBuildFile; fileRef = 9324A3AD1740D335002BEC14 /* SenTestingKit.framework */; };
		9324A3AF1740D335002BEC14 /* UIKit.framework in Frameworks */ = {isa = PBXBuildFile; fileRef = 9324A3751740D334002BEC14 /* UIKit.framework */; };
		9324A3B01740D335002BEC14 /* Foundation.framework in Frameworks */ = {isa = PBXBuildFile; fileRef = 9324A3771740D334002BEC14 /* Foundation.framework */; };
		9324A3B81740D335002BEC14 /* InfoPlist.strings in Resources */ = {isa = PBXBuildFile; fileRef = 9324A3B61740D335002BEC14 /* InfoPlist.strings */; };
		9324A3BB1740D335002BEC14 /* PacteraMBankingTests.m in Sources */ = {isa = PBXBuildFile; fileRef = 9324A3BA1740D335002BEC14 /* PacteraMBankingTests.m */; };
		9324A41E1740D8B4002BEC14 /* CTidy.m in Sources */ = {isa = PBXBuildFile; fileRef = 9324A4041740D8B4002BEC14 /* CTidy.m */; settings = {COMPILER_FLAGS = "-fno-objc-arc"; }; };
		9324A41F1740D8B4002BEC14 /* CTidy.m in Sources */ = {isa = PBXBuildFile; fileRef = 9324A4041740D8B4002BEC14 /* CTidy.m */; };
		9324A4201740D8B4002BEC14 /* CXHTMLDocument.m in Sources */ = {isa = PBXBuildFile; fileRef = 9324A4061740D8B4002BEC14 /* CXHTMLDocument.m */; settings = {COMPILER_FLAGS = "-fno-objc-arc"; }; };
		9324A4211740D8B4002BEC14 /* CXHTMLDocument.m in Sources */ = {isa = PBXBuildFile; fileRef = 9324A4061740D8B4002BEC14 /* CXHTMLDocument.m */; };
		9324A4221740D8B4002BEC14 /* CXMLDocument_CreationExtensions.m in Sources */ = {isa = PBXBuildFile; fileRef = 9324A4081740D8B4002BEC14 /* CXMLDocument_CreationExtensions.m */; settings = {COMPILER_FLAGS = "-fno-objc-arc"; }; };
		9324A4231740D8B4002BEC14 /* CXMLDocument_CreationExtensions.m in Sources */ = {isa = PBXBuildFile; fileRef = 9324A4081740D8B4002BEC14 /* CXMLDocument_CreationExtensions.m */; };
		9324A4241740D8B4002BEC14 /* CXMLDocument_PrivateExtensions.m in Sources */ = {isa = PBXBuildFile; fileRef = 9324A40A1740D8B4002BEC14 /* CXMLDocument_PrivateExtensions.m */; settings = {COMPILER_FLAGS = "-fno-objc-arc"; }; };
		9324A4251740D8B4002BEC14 /* CXMLDocument_PrivateExtensions.m in Sources */ = {isa = PBXBuildFile; fileRef = 9324A40A1740D8B4002BEC14 /* CXMLDocument_PrivateExtensions.m */; };
		9324A4261740D8B4002BEC14 /* CXMLDocument.m in Sources */ = {isa = PBXBuildFile; fileRef = 9324A40C1740D8B4002BEC14 /* CXMLDocument.m */; settings = {COMPILER_FLAGS = "-fno-objc-arc"; }; };
		9324A4271740D8B4002BEC14 /* CXMLDocument.m in Sources */ = {isa = PBXBuildFile; fileRef = 9324A40C1740D8B4002BEC14 /* CXMLDocument.m */; };
		9324A4281740D8B4002BEC14 /* CXMLElement_CreationExtensions.m in Sources */ = {isa = PBXBuildFile; fileRef = 9324A40E1740D8B4002BEC14 /* CXMLElement_CreationExtensions.m */; settings = {COMPILER_FLAGS = "-fno-objc-arc"; }; };
		9324A4291740D8B4002BEC14 /* CXMLElement_CreationExtensions.m in Sources */ = {isa = PBXBuildFile; fileRef = 9324A40E1740D8B4002BEC14 /* CXMLElement_CreationExtensions.m */; };
		9324A42A1740D8B4002BEC14 /* CXMLElement_ElementTreeExtensions.m in Sources */ = {isa = PBXBuildFile; fileRef = 9324A4101740D8B4002BEC14 /* CXMLElement_ElementTreeExtensions.m */; settings = {COMPILER_FLAGS = "-fno-objc-arc"; }; };
		9324A42B1740D8B4002BEC14 /* CXMLElement_ElementTreeExtensions.m in Sources */ = {isa = PBXBuildFile; fileRef = 9324A4101740D8B4002BEC14 /* CXMLElement_ElementTreeExtensions.m */; };
		9324A42C1740D8B4002BEC14 /* CXMLElement.m in Sources */ = {isa = PBXBuildFile; fileRef = 9324A4121740D8B4002BEC14 /* CXMLElement.m */; settings = {COMPILER_FLAGS = "-fno-objc-arc"; }; };
		9324A42D1740D8B4002BEC14 /* CXMLElement.m in Sources */ = {isa = PBXBuildFile; fileRef = 9324A4121740D8B4002BEC14 /* CXMLElement.m */; };
		9324A42E1740D8B4002BEC14 /* CXMLNamespaceNode.m in Sources */ = {isa = PBXBuildFile; fileRef = 9324A4141740D8B4002BEC14 /* CXMLNamespaceNode.m */; settings = {COMPILER_FLAGS = "-fno-objc-arc"; }; };
		9324A42F1740D8B4002BEC14 /* CXMLNamespaceNode.m in Sources */ = {isa = PBXBuildFile; fileRef = 9324A4141740D8B4002BEC14 /* CXMLNamespaceNode.m */; };
		9324A4301740D8B4002BEC14 /* CXMLNode_CreationExtensions.m in Sources */ = {isa = PBXBuildFile; fileRef = 9324A4161740D8B4002BEC14 /* CXMLNode_CreationExtensions.m */; settings = {COMPILER_FLAGS = "-fno-objc-arc"; }; };
		9324A4311740D8B4002BEC14 /* CXMLNode_CreationExtensions.m in Sources */ = {isa = PBXBuildFile; fileRef = 9324A4161740D8B4002BEC14 /* CXMLNode_CreationExtensions.m */; };
		9324A4321740D8B4002BEC14 /* CXMLNode_PrivateExtensions.m in Sources */ = {isa = PBXBuildFile; fileRef = 9324A4181740D8B4002BEC14 /* CXMLNode_PrivateExtensions.m */; settings = {COMPILER_FLAGS = "-fno-objc-arc"; }; };
		9324A4331740D8B4002BEC14 /* CXMLNode_PrivateExtensions.m in Sources */ = {isa = PBXBuildFile; fileRef = 9324A4181740D8B4002BEC14 /* CXMLNode_PrivateExtensions.m */; };
		9324A4341740D8B4002BEC14 /* CXMLNode_XPathExtensions.m in Sources */ = {isa = PBXBuildFile; fileRef = 9324A41A1740D8B4002BEC14 /* CXMLNode_XPathExtensions.m */; settings = {COMPILER_FLAGS = "-fno-objc-arc"; }; };
		9324A4351740D8B4002BEC14 /* CXMLNode_XPathExtensions.m in Sources */ = {isa = PBXBuildFile; fileRef = 9324A41A1740D8B4002BEC14 /* CXMLNode_XPathExtensions.m */; };
		9324A4361740D8B4002BEC14 /* CXMLNode.m in Sources */ = {isa = PBXBuildFile; fileRef = 9324A41C1740D8B4002BEC14 /* CXMLNode.m */; settings = {COMPILER_FLAGS = "-fno-objc-arc"; }; };
		9324A4371740D8B4002BEC14 /* CXMLNode.m in Sources */ = {isa = PBXBuildFile; fileRef = 9324A41C1740D8B4002BEC14 /* CXMLNode.m */; };
		9324A4391740D9FF002BEC14 /* libxml2.dylib in Frameworks */ = {isa = PBXBuildFile; fileRef = 9324A4381740D9FF002BEC14 /* libxml2.dylib */; };
/* End PBXBuildFile section */

/* Begin PBXContainerItemProxy section */
		9324A3B11740D335002BEC14 /* PBXContainerItemProxy */ = {
			isa = PBXContainerItemProxy;
			containerPortal = 9324A3681740D334002BEC14 /* Project object */;
			proxyType = 1;
			remoteGlobalIDString = 9324A3701740D334002BEC14;
			remoteInfo = PacteraMBanking;
		};
/* End PBXContainerItemProxy section */

/* Begin PBXFileReference section */
		9324A3711740D334002BEC14 /* PacteraMBanking.app */ = {isa = PBXFileReference; explicitFileType = wrapper.application; includeInIndex = 0; path = PacteraMBanking.app; sourceTree = BUILT_PRODUCTS_DIR; };
		9324A3751740D334002BEC14 /* UIKit.framework */ = {isa = PBXFileReference; lastKnownFileType = wrapper.framework; name = UIKit.framework; path = System/Library/Frameworks/UIKit.framework; sourceTree = SDKROOT; };
		9324A3771740D334002BEC14 /* Foundation.framework */ = {isa = PBXFileReference; lastKnownFileType = wrapper.framework; name = Foundation.framework; path = System/Library/Frameworks/Foundation.framework; sourceTree = SDKROOT; };
		9324A3791740D334002BEC14 /* CoreGraphics.framework */ = {isa = PBXFileReference; lastKnownFileType = wrapper.framework; name = CoreGraphics.framework; path = System/Library/Frameworks/CoreGraphics.framework; sourceTree = SDKROOT; };
		9324A37D1740D334002BEC14 /* PacteraMBanking-Info.plist */ = {isa = PBXFileReference; lastKnownFileType = text.plist.xml; path = "PacteraMBanking-Info.plist"; sourceTree = "<group>"; };
		9324A37F1740D334002BEC14 /* en */ = {isa = PBXFileReference; lastKnownFileType = text.plist.strings; name = en; path = en.lproj/InfoPlist.strings; sourceTree = "<group>"; };
		9324A3811740D334002BEC14 /* main.m */ = {isa = PBXFileReference; lastKnownFileType = sourcecode.c.objc; path = main.m; sourceTree = "<group>"; };
		9324A3831740D334002BEC14 /* PacteraMBanking-Prefix.pch */ = {isa = PBXFileReference; lastKnownFileType = sourcecode.c.h; path = "PacteraMBanking-Prefix.pch"; sourceTree = "<group>"; };
		9324A3841740D334002BEC14 /* PTAppDelegate.h */ = {isa = PBXFileReference; lastKnownFileType = sourcecode.c.h; path = PTAppDelegate.h; sourceTree = "<group>"; };
		9324A3851740D334002BEC14 /* PTAppDelegate.m */ = {isa = PBXFileReference; lastKnownFileType = sourcecode.c.objc; path = PTAppDelegate.m; sourceTree = "<group>"; };
		9324A3871740D334002BEC14 /* Default.png */ = {isa = PBXFileReference; lastKnownFileType = image.png; path = Default.png; sourceTree = "<group>"; };
		9324A3891740D334002BEC14 /* Default@2x.png */ = {isa = PBXFileReference; lastKnownFileType = image.png; path = "Default@2x.png"; sourceTree = "<group>"; };
		9324A38B1740D334002BEC14 /* Default-568h@2x.png */ = {isa = PBXFileReference; lastKnownFileType = image.png; path = "Default-568h@2x.png"; sourceTree = "<group>"; };
		9324A38D1740D334002BEC14 /* PTFirstViewController.h */ = {isa = PBXFileReference; lastKnownFileType = sourcecode.c.h; path = PTFirstViewController.h; sourceTree = "<group>"; };
		9324A38E1740D334002BEC14 /* PTFirstViewController.m */ = {isa = PBXFileReference; lastKnownFileType = sourcecode.c.objc; path = PTFirstViewController.m; sourceTree = "<group>"; };
		9324A3901740D334002BEC14 /* first.png */ = {isa = PBXFileReference; lastKnownFileType = image.png; path = first.png; sourceTree = "<group>"; };
		9324A3921740D334002BEC14 /* first@2x.png */ = {isa = PBXFileReference; lastKnownFileType = image.png; path = "first@2x.png"; sourceTree = "<group>"; };
		9324A3941740D334002BEC14 /* PTSecondViewController.h */ = {isa = PBXFileReference; lastKnownFileType = sourcecode.c.h; path = PTSecondViewController.h; sourceTree = "<group>"; };
		9324A3951740D334002BEC14 /* PTSecondViewController.m */ = {isa = PBXFileReference; lastKnownFileType = sourcecode.c.objc; path = PTSecondViewController.m; sourceTree = "<group>"; };
		9324A3971740D334002BEC14 /* second.png */ = {isa = PBXFileReference; lastKnownFileType = image.png; path = second.png; sourceTree = "<group>"; };
		9324A3991740D334002BEC14 /* second@2x.png */ = {isa = PBXFileReference; lastKnownFileType = image.png; path = "second@2x.png"; sourceTree = "<group>"; };
		9324A39C1740D335002BEC14 /* en */ = {isa = PBXFileReference; lastKnownFileType = file.xib; name = en; path = en.lproj/PTFirstViewController_iPhone.xib; sourceTree = "<group>"; };
		9324A39F1740D335002BEC14 /* en */ = {isa = PBXFileReference; lastKnownFileType = file.xib; name = en; path = en.lproj/PTFirstViewController_iPad.xib; sourceTree = "<group>"; };
		9324A3A21740D335002BEC14 /* en */ = {isa = PBXFileReference; lastKnownFileType = file.xib; name = en; path = en.lproj/PTSecondViewController_iPhone.xib; sourceTree = "<group>"; };
		9324A3A51740D335002BEC14 /* en */ = {isa = PBXFileReference; lastKnownFileType = file.xib; name = en; path = en.lproj/PTSecondViewController_iPad.xib; sourceTree = "<group>"; };
		9324A3AC1740D335002BEC14 /* PacteraMBankingTests.octest */ = {isa = PBXFileReference; explicitFileType = wrapper.cfbundle; includeInIndex = 0; path = PacteraMBankingTests.octest; sourceTree = BUILT_PRODUCTS_DIR; };
		9324A3AD1740D335002BEC14 /* SenTestingKit.framework */ = {isa = PBXFileReference; lastKnownFileType = wrapper.framework; name = SenTestingKit.framework; path = Library/Frameworks/SenTestingKit.framework; sourceTree = DEVELOPER_DIR; };
		9324A3B51740D335002BEC14 /* PacteraMBankingTests-Info.plist */ = {isa = PBXFileReference; lastKnownFileType = text.plist.xml; path = "PacteraMBankingTests-Info.plist"; sourceTree = "<group>"; };
		9324A3B71740D335002BEC14 /* en */ = {isa = PBXFileReference; lastKnownFileType = text.plist.strings; name = en; path = en.lproj/InfoPlist.strings; sourceTree = "<group>"; };
		9324A3B91740D335002BEC14 /* PacteraMBankingTests.h */ = {isa = PBXFileReference; lastKnownFileType = sourcecode.c.h; path = PacteraMBankingTests.h; sourceTree = "<group>"; };
		9324A3BA1740D335002BEC14 /* PacteraMBankingTests.m */ = {isa = PBXFileReference; lastKnownFileType = sourcecode.c.objc; path = PacteraMBankingTests.m; sourceTree = "<group>"; };
		9324A4031740D8B4002BEC14 /* CTidy.h */ = {isa = PBXFileReference; fileEncoding = 4; lastKnownFileType = sourcecode.c.h; name = CTidy.h; path = TouchXML/CTidy.h; sourceTree = "<group>"; };
		9324A4041740D8B4002BEC14 /* CTidy.m */ = {isa = PBXFileReference; fileEncoding = 4; lastKnownFileType = sourcecode.c.objc; name = CTidy.m; path = TouchXML/CTidy.m; sourceTree = "<group>"; };
		9324A4051740D8B4002BEC14 /* CXHTMLDocument.h */ = {isa = PBXFileReference; fileEncoding = 4; lastKnownFileType = sourcecode.c.h; name = CXHTMLDocument.h; path = TouchXML/CXHTMLDocument.h; sourceTree = "<group>"; };
		9324A4061740D8B4002BEC14 /* CXHTMLDocument.m */ = {isa = PBXFileReference; fileEncoding = 4; lastKnownFileType = sourcecode.c.objc; name = CXHTMLDocument.m; path = TouchXML/CXHTMLDocument.m; sourceTree = "<group>"; };
		9324A4071740D8B4002BEC14 /* CXMLDocument_CreationExtensions.h */ = {isa = PBXFileReference; fileEncoding = 4; lastKnownFileType = sourcecode.c.h; name = CXMLDocument_CreationExtensions.h; path = TouchXML/CXMLDocument_CreationExtensions.h; sourceTree = "<group>"; };
		9324A4081740D8B4002BEC14 /* CXMLDocument_CreationExtensions.m */ = {isa = PBXFileReference; fileEncoding = 4; lastKnownFileType = sourcecode.c.objc; name = CXMLDocument_CreationExtensions.m; path = TouchXML/CXMLDocument_CreationExtensions.m; sourceTree = "<group>"; };
		9324A4091740D8B4002BEC14 /* CXMLDocument_PrivateExtensions.h */ = {isa = PBXFileReference; fileEncoding = 4; lastKnownFileType = sourcecode.c.h; name = CXMLDocument_PrivateExtensions.h; path = TouchXML/CXMLDocument_PrivateExtensions.h; sourceTree = "<group>"; };
		9324A40A1740D8B4002BEC14 /* CXMLDocument_PrivateExtensions.m */ = {isa = PBXFileReference; fileEncoding = 4; lastKnownFileType = sourcecode.c.objc; name = CXMLDocument_PrivateExtensions.m; path = TouchXML/CXMLDocument_PrivateExtensions.m; sourceTree = "<group>"; };
		9324A40B1740D8B4002BEC14 /* CXMLDocument.h */ = {isa = PBXFileReference; fileEncoding = 4; lastKnownFileType = sourcecode.c.h; name = CXMLDocument.h; path = TouchXML/CXMLDocument.h; sourceTree = "<group>"; };
		9324A40C1740D8B4002BEC14 /* CXMLDocument.m */ = {isa = PBXFileReference; fileEncoding = 4; lastKnownFileType = sourcecode.c.objc; name = CXMLDocument.m; path = TouchXML/CXMLDocument.m; sourceTree = "<group>"; };
		9324A40D1740D8B4002BEC14 /* CXMLElement_CreationExtensions.h */ = {isa = PBXFileReference; fileEncoding = 4; lastKnownFileType = sourcecode.c.h; name = CXMLElement_CreationExtensions.h; path = TouchXML/CXMLElement_CreationExtensions.h; sourceTree = "<group>"; };
		9324A40E1740D8B4002BEC14 /* CXMLElement_CreationExtensions.m */ = {isa = PBXFileReference; fileEncoding = 4; lastKnownFileType = sourcecode.c.objc; name = CXMLElement_CreationExtensions.m; path = TouchXML/CXMLElement_CreationExtensions.m; sourceTree = "<group>"; };
		9324A40F1740D8B4002BEC14 /* CXMLElement_ElementTreeExtensions.h */ = {isa = PBXFileReference; fileEncoding = 4; lastKnownFileType = sourcecode.c.h; name = CXMLElement_ElementTreeExtensions.h; path = TouchXML/CXMLElement_ElementTreeExtensions.h; sourceTree = "<group>"; };
		9324A4101740D8B4002BEC14 /* CXMLElement_ElementTreeExtensions.m */ = {isa = PBXFileReference; fileEncoding = 4; lastKnownFileType = sourcecode.c.objc; name = CXMLElement_ElementTreeExtensions.m; path = TouchXML/CXMLElement_ElementTreeExtensions.m; sourceTree = "<group>"; };
		9324A4111740D8B4002BEC14 /* CXMLElement.h */ = {isa = PBXFileReference; fileEncoding = 4; lastKnownFileType = sourcecode.c.h; name = CXMLElement.h; path = TouchXML/CXMLElement.h; sourceTree = "<group>"; };
		9324A4121740D8B4002BEC14 /* CXMLElement.m */ = {isa = PBXFileReference; fileEncoding = 4; lastKnownFileType = sourcecode.c.objc; name = CXMLElement.m; path = TouchXML/CXMLElement.m; sourceTree = "<group>"; };
		9324A4131740D8B4002BEC14 /* CXMLNamespaceNode.h */ = {isa = PBXFileReference; fileEncoding = 4; lastKnownFileType = sourcecode.c.h; name = CXMLNamespaceNode.h; path = TouchXML/CXMLNamespaceNode.h; sourceTree = "<group>"; };
		9324A4141740D8B4002BEC14 /* CXMLNamespaceNode.m */ = {isa = PBXFileReference; fileEncoding = 4; lastKnownFileType = sourcecode.c.objc; name = CXMLNamespaceNode.m; path = TouchXML/CXMLNamespaceNode.m; sourceTree = "<group>"; };
		9324A4151740D8B4002BEC14 /* CXMLNode_CreationExtensions.h */ = {isa = PBXFileReference; fileEncoding = 4; lastKnownFileType = sourcecode.c.h; name = CXMLNode_CreationExtensions.h; path = TouchXML/CXMLNode_CreationExtensions.h; sourceTree = "<group>"; };
		9324A4161740D8B4002BEC14 /* CXMLNode_CreationExtensions.m */ = {isa = PBXFileReference; fileEncoding = 4; lastKnownFileType = sourcecode.c.objc; name = CXMLNode_CreationExtensions.m; path = TouchXML/CXMLNode_CreationExtensions.m; sourceTree = "<group>"; };
		9324A4171740D8B4002BEC14 /* CXMLNode_PrivateExtensions.h */ = {isa = PBXFileReference; fileEncoding = 4; lastKnownFileType = sourcecode.c.h; name = CXMLNode_PrivateExtensions.h; path = TouchXML/CXMLNode_PrivateExtensions.h; sourceTree = "<group>"; };
		9324A4181740D8B4002BEC14 /* CXMLNode_PrivateExtensions.m */ = {isa = PBXFileReference; fileEncoding = 4; lastKnownFileType = sourcecode.c.objc; name = CXMLNode_PrivateExtensions.m; path = TouchXML/CXMLNode_PrivateExtensions.m; sourceTree = "<group>"; };
		9324A4191740D8B4002BEC14 /* CXMLNode_XPathExtensions.h */ = {isa = PBXFileReference; fileEncoding = 4; lastKnownFileType = sourcecode.c.h; name = CXMLNode_XPathExtensions.h; path = TouchXML/CXMLNode_XPathExtensions.h; sourceTree = "<group>"; };
		9324A41A1740D8B4002BEC14 /* CXMLNode_XPathExtensions.m */ = {isa = PBXFileReference; fileEncoding = 4; lastKnownFileType = sourcecode.c.objc; name = CXMLNode_XPathExtensions.m; path = TouchXML/CXMLNode_XPathExtensions.m; sourceTree = "<group>"; };
		9324A41B1740D8B4002BEC14 /* CXMLNode.h */ = {isa = PBXFileReference; fileEncoding = 4; lastKnownFileType = sourcecode.c.h; name = CXMLNode.h; path = TouchXML/CXMLNode.h; sourceTree = "<group>"; };
		9324A41C1740D8B4002BEC14 /* CXMLNode.m */ = {isa = PBXFileReference; fileEncoding = 4; lastKnownFileType = sourcecode.c.objc; name = CXMLNode.m; path = TouchXML/CXMLNode.m; sourceTree = "<group>"; };
		9324A41D1740D8B4002BEC14 /* TouchXML.h */ = {isa = PBXFileReference; fileEncoding = 4; lastKnownFileType = sourcecode.c.h; name = TouchXML.h; path = TouchXML/TouchXML.h; sourceTree = "<group>"; };
		9324A4381740D9FF002BEC14 /* libxml2.dylib */ = {isa = PBXFileReference; lastKnownFileType = "compiled.mach-o.dylib"; name = libxml2.dylib; path = usr/lib/libxml2.dylib; sourceTree = SDKROOT; };
/* End PBXFileReference section */

/* Begin PBXFrameworksBuildPhase section */
		9324A36E1740D334002BEC14 /* Frameworks */ = {
			isa = PBXFrameworksBuildPhase;
			buildActionMask = 2147483647;
			files = (
				9324A4391740D9FF002BEC14 /* libxml2.dylib in Frameworks */,
				9324A3761740D334002BEC14 /* UIKit.framework in Frameworks */,
				9324A3781740D334002BEC14 /* Foundation.framework in Frameworks */,
				9324A37A1740D334002BEC14 /* CoreGraphics.framework in Frameworks */,
			);
			runOnlyForDeploymentPostprocessing = 0;
		};
		9324A3A81740D335002BEC14 /* Frameworks */ = {
			isa = PBXFrameworksBuildPhase;
			buildActionMask = 2147483647;
			files = (
				9324A3AE1740D335002BEC14 /* SenTestingKit.framework in Frameworks */,
				9324A3AF1740D335002BEC14 /* UIKit.framework in Frameworks */,
				9324A3B01740D335002BEC14 /* Foundation.framework in Frameworks */,
			);
			runOnlyForDeploymentPostprocessing = 0;
		};
/* End PBXFrameworksBuildPhase section */

/* Begin PBXGroup section */
		9324A3661740D334002BEC14 = {
			isa = PBXGroup;
			children = (
				9324A3CD1740D6AD002BEC14 /* TouchXML */,
				9324A37B1740D334002BEC14 /* PacteraMBanking */,
				9324A3B31740D335002BEC14 /* PacteraMBankingTests */,
				9324A3741740D334002BEC14 /* Frameworks */,
				9324A3721740D334002BEC14 /* Products */,
			);
			sourceTree = "<group>";
		};
		9324A3721740D334002BEC14 /* Products */ = {
			isa = PBXGroup;
			children = (
				9324A3711740D334002BEC14 /* PacteraMBanking.app */,
				9324A3AC1740D335002BEC14 /* PacteraMBankingTests.octest */,
			);
			name = Products;
			sourceTree = "<group>";
		};
		9324A3741740D334002BEC14 /* Frameworks */ = {
			isa = PBXGroup;
			children = (
				9324A4381740D9FF002BEC14 /* libxml2.dylib */,
				9324A3751740D334002BEC14 /* UIKit.framework */,
				9324A3771740D334002BEC14 /* Foundation.framework */,
				9324A3791740D334002BEC14 /* CoreGraphics.framework */,
				9324A3AD1740D335002BEC14 /* SenTestingKit.framework */,
			);
			name = Frameworks;
			sourceTree = "<group>";
		};
		9324A37B1740D334002BEC14 /* PacteraMBanking */ = {
			isa = PBXGroup;
			children = (
				9324A3841740D334002BEC14 /* PTAppDelegate.h */,
				9324A3851740D334002BEC14 /* PTAppDelegate.m */,
				9324A38D1740D334002BEC14 /* PTFirstViewController.h */,
				9324A38E1740D334002BEC14 /* PTFirstViewController.m */,
				9324A3901740D334002BEC14 /* first.png */,
				9324A3921740D334002BEC14 /* first@2x.png */,
				9324A3941740D334002BEC14 /* PTSecondViewController.h */,
				9324A3951740D334002BEC14 /* PTSecondViewController.m */,
				9324A3971740D334002BEC14 /* second.png */,
				9324A3991740D334002BEC14 /* second@2x.png */,
				9324A39B1740D335002BEC14 /* PTFirstViewController_iPhone.xib */,
				9324A39E1740D335002BEC14 /* PTFirstViewController_iPad.xib */,
				9324A3A11740D335002BEC14 /* PTSecondViewController_iPhone.xib */,
				9324A3A41740D335002BEC14 /* PTSecondViewController_iPad.xib */,
				9324A37C1740D334002BEC14 /* Supporting Files */,
			);
			path = PacteraMBanking;
			sourceTree = "<group>";
		};
		9324A37C1740D334002BEC14 /* Supporting Files */ = {
			isa = PBXGroup;
			children = (
				9324A37D1740D334002BEC14 /* PacteraMBanking-Info.plist */,
				9324A37E1740D334002BEC14 /* InfoPlist.strings */,
				9324A3811740D334002BEC14 /* main.m */,
				9324A3831740D334002BEC14 /* PacteraMBanking-Prefix.pch */,
				9324A3871740D334002BEC14 /* Default.png */,
				9324A3891740D334002BEC14 /* Default@2x.png */,
				9324A38B1740D334002BEC14 /* Default-568h@2x.png */,
			);
			name = "Supporting Files";
			sourceTree = "<group>";
		};
		9324A3B31740D335002BEC14 /* PacteraMBankingTests */ = {
			isa = PBXGroup;
			children = (
				9324A3B91740D335002BEC14 /* PacteraMBankingTests.h */,
				9324A3BA1740D335002BEC14 /* PacteraMBankingTests.m */,
				9324A3B41740D335002BEC14 /* Supporting Files */,
			);
			path = PacteraMBankingTests;
			sourceTree = "<group>";
		};
		9324A3B41740D335002BEC14 /* Supporting Files */ = {
			isa = PBXGroup;
			children = (
				9324A3B51740D335002BEC14 /* PacteraMBankingTests-Info.plist */,
				9324A3B61740D335002BEC14 /* InfoPlist.strings */,
			);
			name = "Supporting Files";
			sourceTree = "<group>";
		};
		9324A3CD1740D6AD002BEC14 /* TouchXML */ = {
			isa = PBXGroup;
			children = (
				9324A4031740D8B4002BEC14 /* CTidy.h */,
				9324A4041740D8B4002BEC14 /* CTidy.m */,
				9324A4051740D8B4002BEC14 /* CXHTMLDocument.h */,
				9324A4061740D8B4002BEC14 /* CXHTMLDocument.m */,
				9324A4071740D8B4002BEC14 /* CXMLDocument_CreationExtensions.h */,
				9324A4081740D8B4002BEC14 /* CXMLDocument_CreationExtensions.m */,
				9324A4091740D8B4002BEC14 /* CXMLDocument_PrivateExtensions.h */,
				9324A40A1740D8B4002BEC14 /* CXMLDocument_PrivateExtensions.m */,
				9324A40B1740D8B4002BEC14 /* CXMLDocument.h */,
				9324A40C1740D8B4002BEC14 /* CXMLDocument.m */,
				9324A40D1740D8B4002BEC14 /* CXMLElement_CreationExtensions.h */,
				9324A40E1740D8B4002BEC14 /* CXMLElement_CreationExtensions.m */,
				9324A40F1740D8B4002BEC14 /* CXMLElement_ElementTreeExtensions.h */,
				9324A4101740D8B4002BEC14 /* CXMLElement_ElementTreeExtensions.m */,
				9324A4111740D8B4002BEC14 /* CXMLElement.h */,
				9324A4121740D8B4002BEC14 /* CXMLElement.m */,
				9324A4131740D8B4002BEC14 /* CXMLNamespaceNode.h */,
				9324A4141740D8B4002BEC14 /* CXMLNamespaceNode.m */,
				9324A4151740D8B4002BEC14 /* CXMLNode_CreationExtensions.h */,
				9324A4161740D8B4002BEC14 /* CXMLNode_CreationExtensions.m */,
				9324A4171740D8B4002BEC14 /* CXMLNode_PrivateExtensions.h */,
				9324A4181740D8B4002BEC14 /* CXMLNode_PrivateExtensions.m */,
				9324A4191740D8B4002BEC14 /* CXMLNode_XPathExtensions.h */,
				9324A41A1740D8B4002BEC14 /* CXMLNode_XPathExtensions.m */,
				9324A41B1740D8B4002BEC14 /* CXMLNode.h */,
				9324A41C1740D8B4002BEC14 /* CXMLNode.m */,
				9324A41D1740D8B4002BEC14 /* TouchXML.h */,
			);
			name = TouchXML;
			sourceTree = "<group>";
		};
/* End PBXGroup section */

/* Begin PBXNativeTarget section */
		9324A3701740D334002BEC14 /* PacteraMBanking */ = {
			isa = PBXNativeTarget;
			buildConfigurationList = 9324A3BE1740D335002BEC14 /* Build configuration list for PBXNativeTarget "PacteraMBanking" */;
			buildPhases = (
				9324A36D1740D334002BEC14 /* Sources */,
				9324A36E1740D334002BEC14 /* Frameworks */,
				9324A36F1740D334002BEC14 /* Resources */,
			);
			buildRules = (
			);
			dependencies = (
			);
			name = PacteraMBanking;
			productName = PacteraMBanking;
			productReference = 9324A3711740D334002BEC14 /* PacteraMBanking.app */;
			productType = "com.apple.product-type.application";
		};
		9324A3AB1740D335002BEC14 /* PacteraMBankingTests */ = {
			isa = PBXNativeTarget;
			buildConfigurationList = 9324A3C11740D335002BEC14 /* Build configuration list for PBXNativeTarget "PacteraMBankingTests" */;
			buildPhases = (
				9324A3A71740D335002BEC14 /* Sources */,
				9324A3A81740D335002BEC14 /* Frameworks */,
				9324A3A91740D335002BEC14 /* Resources */,
				9324A3AA1740D335002BEC14 /* ShellScript */,
			);
			buildRules = (
			);
			dependencies = (
				9324A3B21740D335002BEC14 /* PBXTargetDependency */,
			);
			name = PacteraMBankingTests;
			productName = PacteraMBankingTests;
			productReference = 9324A3AC1740D335002BEC14 /* PacteraMBankingTests.octest */;
			productType = "com.apple.product-type.bundle";
		};
/* End PBXNativeTarget section */

/* Begin PBXProject section */
		9324A3681740D334002BEC14 /* Project object */ = {
			isa = PBXProject;
			attributes = {
				CLASSPREFIX = PT;
				LastUpgradeCheck = 0450;
				ORGANIZATIONNAME = aaron;
			};
			buildConfigurationList = 9324A36B1740D334002BEC14 /* Build configuration list for PBXProject "PacteraMBanking" */;
			compatibilityVersion = "Xcode 3.2";
			developmentRegion = English;
			hasScannedForEncodings = 0;
			knownRegions = (
				en,
			);
			mainGroup = 9324A3661740D334002BEC14;
			productRefGroup = 9324A3721740D334002BEC14 /* Products */;
			projectDirPath = "";
			projectRoot = "";
			targets = (
				9324A3701740D334002BEC14 /* PacteraMBanking */,
				9324A3AB1740D335002BEC14 /* PacteraMBankingTests */,
			);
		};
/* End PBXProject section */

/* Begin PBXResourcesBuildPhase section */
		9324A36F1740D334002BEC14 /* Resources */ = {
			isa = PBXResourcesBuildPhase;
			buildActionMask = 2147483647;
			files = (
				9324A3801740D334002BEC14 /* InfoPlist.strings in Resources */,
				9324A3881740D334002BEC14 /* Default.png in Resources */,
				9324A38A1740D334002BEC14 /* Default@2x.png in Resources */,
				9324A38C1740D334002BEC14 /* Default-568h@2x.png in Resources */,
				9324A3911740D334002BEC14 /* first.png in Resources */,
				9324A3931740D334002BEC14 /* first@2x.png in Resources */,
				9324A3981740D334002BEC14 /* second.png in Resources */,
				9324A39A1740D334002BEC14 /* second@2x.png in Resources */,
				9324A39D1740D335002BEC14 /* PTFirstViewController_iPhone.xib in Resources */,
				9324A3A01740D335002BEC14 /* PTFirstViewController_iPad.xib in Resources */,
				9324A3A31740D335002BEC14 /* PTSecondViewController_iPhone.xib in Resources */,
				9324A3A61740D335002BEC14 /* PTSecondViewController_iPad.xib in Resources */,
			);
			runOnlyForDeploymentPostprocessing = 0;
		};
		9324A3A91740D335002BEC14 /* Resources */ = {
			isa = PBXResourcesBuildPhase;
			buildActionMask = 2147483647;
			files = (
				9324A3B81740D335002BEC14 /* InfoPlist.strings in Resources */,
			);
			runOnlyForDeploymentPostprocessing = 0;
		};
/* End PBXResourcesBuildPhase section */

/* Begin PBXShellScriptBuildPhase section */
		9324A3AA1740D335002BEC14 /* ShellScript */ = {
			isa = PBXShellScriptBuildPhase;
			buildActionMask = 2147483647;
			files = (
			);
			inputPaths = (
			);
			outputPaths = (
			);
			runOnlyForDeploymentPostprocessing = 0;
			shellPath = /bin/sh;
			shellScript = "# Run the unit tests in this test bundle.\n\"${SYSTEM_DEVELOPER_DIR}/Tools/RunUnitTests\"\n";
		};
/* End PBXShellScriptBuildPhase section */

/* Begin PBXSourcesBuildPhase section */
		9324A36D1740D334002BEC14 /* Sources */ = {
			isa = PBXSourcesBuildPhase;
			buildActionMask = 2147483647;
			files = (
				9324A3821740D334002BEC14 /* main.m in Sources */,
				9324A3861740D334002BEC14 /* PTAppDelegate.m in Sources */,
				9324A38F1740D334002BEC14 /* PTFirstViewController.m in Sources */,
				9324A3961740D334002BEC14 /* PTSecondViewController.m in Sources */,
				9324A41E1740D8B4002BEC14 /* CTidy.m in Sources */,
				9324A4201740D8B4002BEC14 /* CXHTMLDocument.m in Sources */,
				9324A4221740D8B4002BEC14 /* CXMLDocument_CreationExtensions.m in Sources */,
				9324A4241740D8B4002BEC14 /* CXMLDocument_PrivateExtensions.m in Sources */,
				9324A4261740D8B4002BEC14 /* CXMLDocument.m in Sources */,
				9324A4281740D8B4002BEC14 /* CXMLElement_CreationExtensions.m in Sources */,
				9324A42A1740D8B4002BEC14 /* CXMLElement_ElementTreeExtensions.m in Sources */,
				9324A42C1740D8B4002BEC14 /* CXMLElement.m in Sources */,
				9324A42E1740D8B4002BEC14 /* CXMLNamespaceNode.m in Sources */,
				9324A4301740D8B4002BEC14 /* CXMLNode_CreationExtensions.m in Sources */,
				9324A4321740D8B4002BEC14 /* CXMLNode_PrivateExtensions.m in Sources */,
				9324A4341740D8B4002BEC14 /* CXMLNode_XPathExtensions.m in Sources */,
				9324A4361740D8B4002BEC14 /* CXMLNode.m in Sources */,
			);
			runOnlyForDeploymentPostprocessing = 0;
		};
		9324A3A71740D335002BEC14 /* Sources */ = {
			isa = PBXSourcesBuildPhase;
			buildActionMask = 2147483647;
			files = (
				9324A3BB1740D335002BEC14 /* PacteraMBankingTests.m in Sources */,
				9324A41F1740D8B4002BEC14 /* CTidy.m in Sources */,
				9324A4211740D8B4002BEC14 /* CXHTMLDocument.m in Sources */,
				9324A4231740D8B4002BEC14 /* CXMLDocument_CreationExtensions.m in Sources */,
				9324A4251740D8B4002BEC14 /* CXMLDocument_PrivateExtensions.m in Sources */,
				9324A4271740D8B4002BEC14 /* CXMLDocument.m in Sources */,
				9324A4291740D8B4002BEC14 /* CXMLElement_CreationExtensions.m in Sources */,
				9324A42B1740D8B4002BEC14 /* CXMLElement_ElementTreeExtensions.m in Sources */,
				9324A42D1740D8B4002BEC14 /* CXMLElement.m in Sources */,
				9324A42F1740D8B4002BEC14 /* CXMLNamespaceNode.m in Sources */,
				9324A4311740D8B4002BEC14 /* CXMLNode_CreationExtensions.m in Sources */,
				9324A4331740D8B4002BEC14 /* CXMLNode_PrivateExtensions.m in Sources */,
				9324A4351740D8B4002BEC14 /* CXMLNode_XPathExtensions.m in Sources */,
				9324A4371740D8B4002BEC14 /* CXMLNode.m in Sources */,
			);
			runOnlyForDeploymentPostprocessing = 0;
		};
/* End PBXSourcesBuildPhase section */

/* Begin PBXTargetDependency section */
		9324A3B21740D335002BEC14 /* PBXTargetDependency */ = {
			isa = PBXTargetDependency;
			target = 9324A3701740D334002BEC14 /* PacteraMBanking */;
			targetProxy = 9324A3B11740D335002BEC14 /* PBXContainerItemProxy */;
		};
/* End PBXTargetDependency section */

/* Begin PBXVariantGroup section */
		9324A37E1740D334002BEC14 /* InfoPlist.strings */ = {
			isa = PBXVariantGroup;
			children = (
				9324A37F1740D334002BEC14 /* en */,
			);
			name = InfoPlist.strings;
			sourceTree = "<group>";
		};
		9324A39B1740D335002BEC14 /* PTFirstViewController_iPhone.xib */ = {
			isa = PBXVariantGroup;
			children = (
				9324A39C1740D335002BEC14 /* en */,
			);
			name = PTFirstViewController_iPhone.xib;
			sourceTree = "<group>";
		};
		9324A39E1740D335002BEC14 /* PTFirstViewController_iPad.xib */ = {
			isa = PBXVariantGroup;
			children = (
				9324A39F1740D335002BEC14 /* en */,
			);
			name = PTFirstViewController_iPad.xib;
			sourceTree = "<group>";
		};
		9324A3A11740D335002BEC14 /* PTSecondViewController_iPhone.xib */ = {
			isa = PBXVariantGroup;
			children = (
				9324A3A21740D335002BEC14 /* en */,
			);
			name = PTSecondViewController_iPhone.xib;
			sourceTree = "<group>";
		};
		9324A3A41740D335002BEC14 /* PTSecondViewController_iPad.xib */ = {
			isa = PBXVariantGroup;
			children = (
				9324A3A51740D335002BEC14 /* en */,
			);
			name = PTSecondViewController_iPad.xib;
			sourceTree = "<group>";
		};
		9324A3B61740D335002BEC14 /* InfoPlist.strings */ = {
			isa = PBXVariantGroup;
			children = (
				9324A3B71740D335002BEC14 /* en */,
			);
			name = InfoPlist.strings;
			sourceTree = "<group>";
		};
/* End PBXVariantGroup section */

/* Begin XCBuildConfiguration section */
		9324A3BC1740D335002BEC14 /* Debug */ = {
			isa = XCBuildConfiguration;
			buildSettings = {
				ALWAYS_SEARCH_USER_PATHS = NO;
				CLANG_CXX_LANGUAGE_STANDARD = "gnu++0x";
				CLANG_CXX_LIBRARY = "libc++";
				CLANG_ENABLE_OBJC_ARC = YES;
				CLANG_WARN_EMPTY_BODY = YES;
				CLANG_WARN__DUPLICATE_METHOD_MATCH = YES;
				"CODE_SIGN_IDENTITY[sdk=iphoneos*]" = "iPhone Developer";
				COPY_PHASE_STRIP = NO;
				GCC_C_LANGUAGE_STANDARD = gnu99;
				GCC_DYNAMIC_NO_PIC = NO;
				GCC_OPTIMIZATION_LEVEL = 0;
				GCC_PREPROCESSOR_DEFINITIONS = (
					"DEBUG=1",
					"$(inherited)",
				);
				GCC_SYMBOLS_PRIVATE_EXTERN = NO;
				GCC_WARN_ABOUT_RETURN_TYPE = YES;
				GCC_WARN_UNINITIALIZED_AUTOS = YES;
				GCC_WARN_UNUSED_VARIABLE = YES;
				IPHONEOS_DEPLOYMENT_TARGET = 6.0;
				ONLY_ACTIVE_ARCH = YES;
				SDKROOT = iphoneos;
				TARGETED_DEVICE_FAMILY = "1,2";
			};
			name = Debug;
		};
		9324A3BD1740D335002BEC14 /* Release */ = {
			isa = XCBuildConfiguration;
			buildSettings = {
				ALWAYS_SEARCH_USER_PATHS = NO;
				CLANG_CXX_LANGUAGE_STANDARD = "gnu++0x";
				CLANG_CXX_LIBRARY = "libc++";
				CLANG_ENABLE_OBJC_ARC = YES;
				CLANG_WARN_EMPTY_BODY = YES;
				CLANG_WARN__DUPLICATE_METHOD_MATCH = YES;
				"CODE_SIGN_IDENTITY[sdk=iphoneos*]" = "iPhone Developer";
				COPY_PHASE_STRIP = YES;
				GCC_C_LANGUAGE_STANDARD = gnu99;
				GCC_WARN_ABOUT_RETURN_TYPE = YES;
				GCC_WARN_UNINITIALIZED_AUTOS = YES;
				GCC_WARN_UNUSED_VARIABLE = YES;
				IPHONEOS_DEPLOYMENT_TARGET = 6.0;
				OTHER_CFLAGS = "-DNS_BLOCK_ASSERTIONS=1";
				SDKROOT = iphoneos;
				TARGETED_DEVICE_FAMILY = "1,2";
				VALIDATE_PRODUCT = YES;
			};
			name = Release;
		};
		9324A3BF1740D335002BEC14 /* Debug */ = {
			isa = XCBuildConfiguration;
			buildSettings = {
				GCC_PRECOMPILE_PREFIX_HEADER = YES;
				GCC_PREFIX_HEADER = "PacteraMBanking/PacteraMBanking-Prefix.pch";
				"HEADER_SEARCH_PATHS[arch=*]" = /usr/include/libxml2;
				INFOPLIST_FILE = "PacteraMBanking/PacteraMBanking-Info.plist";
				IPHONEOS_DEPLOYMENT_TARGET = 5.0;
				PRODUCT_NAME = "$(TARGET_NAME)";
				TARGETED_DEVICE_FAMILY = 1;
				WRAPPER_EXTENSION = app;
			};
			name = Debug;
		};
		9324A3C01740D335002BEC14 /* Release */ = {
			isa = XCBuildConfiguration;
			buildSettings = {
				GCC_PRECOMPILE_PREFIX_HEADER = YES;
				GCC_PREFIX_HEADER = "PacteraMBanking/PacteraMBanking-Prefix.pch";
				"HEADER_SEARCH_PATHS[arch=*]" = /usr/include/libxml2;
				INFOPLIST_FILE = "PacteraMBanking/PacteraMBanking-Info.plist";
				IPHONEOS_DEPLOYMENT_TARGET = 5.0;
				PRODUCT_NAME = "$(TARGET_NAME)";
				TARGETED_DEVICE_FAMILY = 1;
				WRAPPER_EXTENSION = app;
			};
			name = Release;
		};
		9324A3C21740D335002BEC14 /* Debug */ = {
			isa = XCBuildConfiguration;
			buildSettings = {
				BUNDLE_LOADER = "$(BUILT_PRODUCTS_DIR)/PacteraMBanking.app/PacteraMBanking";
				FRAMEWORK_SEARCH_PATHS = (
					"\"$(SDKROOT)/Developer/Library/Frameworks\"",
					"\"$(DEVELOPER_LIBRARY_DIR)/Frameworks\"",
				);
				GCC_PRECOMPILE_PREFIX_HEADER = YES;
				GCC_PREFIX_HEADER = "PacteraMBanking/PacteraMBanking-Prefix.pch";
				INFOPLIST_FILE = "PacteraMBankingTests/PacteraMBankingTests-Info.plist";
				PRODUCT_NAME = "$(TARGET_NAME)";
				TEST_HOST = "$(BUNDLE_LOADER)";
				WRAPPER_EXTENSION = octest;
			};
			name = Debug;
		};
		9324A3C31740D335002BEC14 /* Release */ = {
			isa = XCBuildConfiguration;
			buildSettings = {
				BUNDLE_LOADER = "$(BUILT_PRODUCTS_DIR)/PacteraMBanking.app/PacteraMBanking";
				FRAMEWORK_SEARCH_PATHS = (
					"\"$(SDKROOT)/Developer/Library/Frameworks\"",
					"\"$(DEVELOPER_LIBRARY_DIR)/Frameworks\"",
				);
				GCC_PRECOMPILE_PREFIX_HEADER = YES;
				GCC_PREFIX_HEADER = "PacteraMBanking/PacteraMBanking-Prefix.pch";
				INFOPLIST_FILE = "PacteraMBankingTests/PacteraMBankingTests-Info.plist";
				PRODUCT_NAME = "$(TARGET_NAME)";
				TEST_HOST = "$(BUNDLE_LOADER)";
				WRAPPER_EXTENSION = octest;
			};
			name = Release;
		};
/* End XCBuildConfiguration section */

/* Begin XCConfigurationList section */
		9324A36B1740D334002BEC14 /* Build configuration list for PBXProject "PacteraMBanking" */ = {
			isa = XCConfigurationList;
			buildConfigurations = (
				9324A3BC1740D335002BEC14 /* Debug */,
				9324A3BD1740D335002BEC14 /* Release */,
			);
			defaultConfigurationIsVisible = 0;
			defaultConfigurationName = Release;
		};
		9324A3BE1740D335002BEC14 /* Build configuration list for PBXNativeTarget "PacteraMBanking" */ = {
			isa = XCConfigurationList;
			buildConfigurations = (
				9324A3BF1740D335002BEC14 /* Debug */,
				9324A3C01740D335002BEC14 /* Release */,
			);
			defaultConfigurationIsVisible = 0;
		};
		9324A3C11740D335002BEC14 /* Build configuration list for PBXNativeTarget "PacteraMBankingTests" */ = {
			isa = XCConfigurationList;
			buildConfigurations = (
				9324A3C21740D335002BEC14 /* Debug */,
				9324A3C31740D335002BEC14 /* Release */,
			);
			defaultConfigurationIsVisible = 0;
		};
/* End XCConfigurationList section */
	};
	rootObject = 9324A3681740D334002BEC14 /* Project object */;
}
